
Microsoft Visual Studio Solution File, Format Version 12.00
# Visual Studio Version 17
VisualStudioVersion = 17.12.36602.29 d17.12
MinimumVisualStudioVersion = 10.0.40219.1
Project("{FAE04EC0-301F-11D3-BF4B-00C04F79EFBC}") = "Write_WriteLine_Metotlari", "Write_WriteLine_Metotlari\Write_WriteLine_Metotlari.csproj", "{D574CA6A-B6F9-452B-9737-CCED0A42951A}"
EndProject
Global
	GlobalSection(SolutionConfigurationPlatforms) = preSolution
		Debug|Any CPU = Debug|Any CPU
		Release|Any CPU = Release|Any CPU
	EndGlobalSection
	GlobalSection(ProjectConfigurationPlatforms) = postSolution
		{D574CA6A-B6F9-452B-9737-CCED0A42951A}.Debug|Any CPU.ActiveCfg = Debug|Any CPU
		{D574CA6A-B6F9-452B-9737-CCED0A42951A}.Debug|Any CPU.Build.0 = Debug|Any CPU
		{D574CA6A-B6F9-452B-9737-CCED0A42951A}.Release|Any CPU.ActiveCfg = Release|Any CPU
		{D574CA6A-B6F9-452B-9737-CCED0A42951A}.Release|Any CPU.Build.0 = Release|Any CPU
	EndGlobalSection
	GlobalSection(SolutionProperties) = preSolution
		HideSolutionNode = FALSE
	EndGlobalSection
EndGlobal
