
Microsoft Visual Studio Solution File, Format Version 12.00
# Visual Studio Version 17
VisualStudioVersion = 17.12.36602.29
MinimumVisualStudioVersion = 10.0.40219.1
Project("{FAE04EC0-301F-11D3-BF4B-00C04F79EFBC}") = "Karsilaştirma_Operatorleri", "Karsilaştirma_Operatörleri\Karsilaştirma_Operatorleri.csproj", "{672335AC-5B74-4536-9794-4854A902E99F}"
EndProject
Global
	GlobalSection(SolutionConfigurationPlatforms) = preSolution
		Debug|Any CPU = Debug|Any CPU
		Release|Any CPU = Release|Any CPU
	EndGlobalSection
	GlobalSection(ProjectConfigurationPlatforms) = postSolution
		{672335AC-5B74-4536-9794-4854A902E99F}.Debug|Any CPU.ActiveCfg = Debug|Any CPU
		{672335AC-5B74-4536-9794-4854A902E99F}.Debug|Any CPU.Build.0 = Debug|Any CPU
		{672335AC-5B74-4536-9794-4854A902E99F}.Release|Any CPU.ActiveCfg = Release|Any CPU
		{672335AC-5B74-4536-9794-4854A902E99F}.Release|Any CPU.Build.0 = Release|Any CPU
	EndGlobalSection
	GlobalSection(SolutionProperties) = preSolution
		HideSolutionNode = FALSE
	EndGlobalSection
EndGlobal
